github.com/harsh-2711/go-multi-module-ci-cd/packages/even v0.5.12 h1:X/aUWupdnoVUS41A41zn/v/JVDtK0276+8wTllw61w8=
github.com/harsh-2711/go-multi-module-ci-cd/packages/even v0.5.12/go.mod h1:hY6vUWOXfGazyI3kPS7BmhWNXdwQw8jhhn1svgC9XgM=
github.com/harsh-2711/go-multi-module-ci-cd/services/resource v0.0.0-20230601083548-26b9d4810d5b h1:IuSEYhXdzJUSGq/MVdsqz7KJcV0OdbIa8ndRHxghqDA=
github.com/harsh-2711/go-multi-module-ci-cd/services/resource v0.0.0-20230601083548-26b9d4810d5b/go.mod h1:eOZBTEHub5nCGUnc7n3L4+4M/ns/jPOfkwGwc5l5iOU=
