github.com/harsh-2711/go-multi-module-ci-cd/packages/even v0.0.0-20230522095142-b3964ace27ab h1:4fwiBNaFqUvQ/R99RxYfOimzxfdoN4q/Xpn01KpAC98=
github.com/harsh-2711/go-multi-module-ci-cd/packages/even v0.0.0-20230522095142-b3964ace27ab/go.mod h1:hY6vUWOXfGazyI3kPS7BmhWNXdwQw8jhhn1svgC9XgM=
github.com/harsh-2711/go-multi-module-ci-cd/services/resource v0.0.0-20230522095142-b3964ace27ab h1:wh/tObW4Y4wA++VYL4t8l40OcKx96F/CGEWKucY7pJM=
github.com/harsh-2711/go-multi-module-ci-cd/services/resource v0.0.0-20230522095142-b3964ace27ab/go.mod h1:sHcD1vJBfsAfXZtz25GKb7/KyaVxgYGE7A9/29jrZNg=
