github.com/harsh-2711/go-multi-module-ci-cd/packages/even v0.0.0-20230521073841-6ce852f1b59d h1:fl0yIpONXHqM+Dw2UQU1TGkJM5p8f+PM3eZAJdK+DHo=
github.com/harsh-2711/go-multi-module-ci-cd/packages/even v0.0.0-20230521073841-6ce852f1b59d/go.mod h1:hY6vUWOXfGazyI3kPS7BmhWNXdwQw8jhhn1svgC9XgM=
github.com/harsh-2711/go-multi-module-ci-cd/packages/even v0.0.0-20230521101044-d58b6d2a10bc h1:zDiCXj5Ha36rk2tPpAebL96+7TJ2Jq+6hBO2I2etG50=
github.com/harsh-2711/go-multi-module-ci-cd/packages/even v0.0.0-20230521101044-d58b6d2a10bc/go.mod h1:hY6vUWOXfGazyI3kPS7BmhWNXdwQw8jhhn1svgC9XgM=
