github.com/harsh-2711/go-multi-module-ci-cd/packages/even v0.2.1 h1:5M7/qdMbdn1S2VfDPx0H+HDj6fHFEi/33V/JI3LbP+c=
github.com/harsh-2711/go-multi-module-ci-cd/packages/even v0.2.1/go.mod h1:hY6vUWOXfGazyI3kPS7BmhWNXdwQw8jhhn1svgC9XgM=
github.com/harsh-2711/go-multi-module-ci-cd/packages/odd v0.2.2 h1:FzVG+x532YNch9mqIuu/YX7j+SeXZmrSOFtMFpy9Lnc=
github.com/harsh-2711/go-multi-module-ci-cd/packages/odd v0.2.2/go.mod h1:iwwioV2iaMEDlJh9kQODJin5nRt0uhqX0GtYODmWVjA=
